// !$*UTF8*$!
{
	archiveVersion = 1;
	classes = {
	};
	objectVersion = 48;
	objects = {

/* Begin PBXBuildFile section */
		2FAD9763203C412B000D30F8 /* config.xml in Resources */ = {isa = PBXBuildFile; fileRef = 2FAD9762203C412B000D30F8 /* config.xml */; };
		50379B232058CBB4000EE86E /* capacitor.config.json in Resources */ = {isa = PBXBuildFile; fileRef = 50379B222058CBB4000EE86E /* capacitor.config.json */; };
		504EC3081FED79650016851F /* AppDelegate.swift in Sources */ = {isa = PBXBuildFile; fileRef = 504EC3071FED79650016851F /* AppDelegate.swift */; };
		504EC30D1FED79650016851F /* Main.storyboard in Resources */ = {isa = PBXBuildFile; fileRef = 504EC30B1FED79650016851F /* Main.storyboard */; };
		504EC3121FED79650016851F /* LaunchScreen.storyboard in Resources */ = {isa = PBXBuildFile; fileRef = 504EC3101FED79650016851F /* LaunchScreen.storyboard */; };
		50B271D11FEDC1A000F3C39B /* public in Resources */ = {isa = PBXBuildFile; fileRef = 50B271D01FEDC1A000F3C39B /* public */; };
		ELIZAIOSBRIDGE00000000001 /* ElizaBridgeViewController.swift in Sources */ = {isa = PBXBuildFile; fileRef = ELIZAIOSBRIDGE00000000002 /* ElizaBridgeViewController.swift */; };
		ELIZASTARTTRACE000000001 /* ElizaStartupTrace.swift in Sources */ = {isa = PBXBuildFile; fileRef = ELIZASTARTTRACE000000002 /* ElizaStartupTrace.swift */; };
		A084ECDBA7D38E1E42DFC39D /* Pods_App.framework in Frameworks */ = {isa = PBXBuildFile; fileRef = AF277DCFFFF123FFC6DF26C7 /* Pods_App.framework */; };
		E1A5105A0000000000000001 /* ElizaAppIntents.swift in Sources */ = {isa = PBXBuildFile; fileRef = E1A5105A0000000000000002 /* ElizaAppIntents.swift */; };
		MIPL00010000000000000001 /* ElizaIntentPlugin.swift in Sources */ = {isa = PBXBuildFile; fileRef = MIPL00010000000000000002 /* ElizaIntentPlugin.swift */; };
		AWDG00010000000000000001 /* AgentWatchdog.swift in Sources */ = {isa = PBXBuildFile; fileRef = AWDG00010000000000000002 /* AgentWatchdog.swift */; };
		PRIVACYAPP000000000000001 /* PrivacyInfo.xcprivacy in Resources */ = {isa = PBXBuildFile; fileRef = PRIVACYAPP000000000000002 /* PrivacyInfo.xcprivacy */; };
		PRIVACYWBCB00000000000001 /* PrivacyInfo.xcprivacy in Resources */ = {isa = PBXBuildFile; fileRef = PRIVACYWBCB00000000000002 /* PrivacyInfo.xcprivacy */; };
		SCENEDEL00000000000001 /* SceneDelegate.swift in Sources */ = {isa = PBXBuildFile; fileRef = SCENEDEL00000000000002 /* SceneDelegate.swift */; };
		DAMON000100000000000001 /* DeviceActivityMonitorExtension.swift in Sources */ = {isa = PBXBuildFile; fileRef = DAMON000100000000000102 /* DeviceActivityMonitorExtension.swift */; };
		DAMON000100000000000002 /* DeviceActivityMonitorExtension.appex in Embed App Extensions */ = {isa = PBXBuildFile; fileRef = DAMON000100000000000101 /* DeviceActivityMonitorExtension.appex */; settings = {ATTRIBUTES = (RemoveHeadersOnCopy, ); }; };
		DAREP000100000000000001 /* DeviceActivityReportExtension.swift in Sources */ = {isa = PBXBuildFile; fileRef = DAREP000100000000000102 /* DeviceActivityReportExtension.swift */; };
		DAREP000100000000000002 /* DeviceActivityReportExtension.appex in Embed App Extensions */ = {isa = PBXBuildFile; fileRef = DAREP000100000000000101 /* DeviceActivityReportExtension.appex */; settings = {ATTRIBUTES = (RemoveHeadersOnCopy, ); }; };
		EWDG00010000000000000001 /* ElizaWidgets.swift in Sources */ = {isa = PBXBuildFile; fileRef = EWDG00010000000000000102 /* ElizaWidgets.swift */; };
		EWDG00010000000000000002 /* ElizaWidgets.appex in Embed App Extensions */ = {isa = PBXBuildFile; fileRef = EWDG00010000000000000101 /* ElizaWidgets.appex */; settings = {ATTRIBUTES = (RemoveHeadersOnCopy, ); }; };
		EWDG00010000000000000003 /* ElizaWidgetControls.swift in Sources */ = {isa = PBXBuildFile; fileRef = EWDG00010000000000000105 /* ElizaWidgetControls.swift */; };
		EWDG00010000000000000004 /* ElizaDictationAttributes.swift in Sources */ = {isa = PBXBuildFile; fileRef = EWDG00010000000000000106 /* ElizaDictationAttributes.swift */; };
		EWDG00010000000000000005 /* ElizaDictationAttributes.swift in Sources */ = {isa = PBXBuildFile; fileRef = EWDG00010000000000000106 /* ElizaDictationAttributes.swift */; };
		EWDG00010000000000000006 /* ElizaDictationLiveActivity.swift in Sources */ = {isa = PBXBuildFile; fileRef = EWDG00010000000000000107 /* ElizaDictationLiveActivity.swift */; };
		ELIZALIVEACT000000000001 /* ElizaLiveActivityBridge.swift in Sources */ = {isa = PBXBuildFile; fileRef = ELIZALIVEACT000000000002 /* ElizaLiveActivityBridge.swift */; };
		EKBD00010000000000000001 /* KeyboardViewController.swift in Sources */ = {isa = PBXBuildFile; fileRef = EKBD00010000000000000102 /* KeyboardViewController.swift */; };
		EKBD00010000000000000002 /* ElizaKeyboard.appex in Embed App Extensions */ = {isa = PBXBuildFile; fileRef = EKBD00010000000000000101 /* ElizaKeyboard.appex */; settings = {ATTRIBUTES = (RemoveHeadersOnCopy, ); }; };
		EKBD00010000000000000003 /* ElizaKeyboardDictationState.swift in Sources */ = {isa = PBXBuildFile; fileRef = EKBD00010000000000000106 /* ElizaKeyboardDictationState.swift */; };
		EKBD00010000000000000004 /* ElizaKeyboardDictationState.swift in Sources */ = {isa = PBXBuildFile; fileRef = EKBD00010000000000000106 /* ElizaKeyboardDictationState.swift */; };
		EKBD00010000000000000005 /* PrivacyInfo.xcprivacy in Resources */ = {isa = PBXBuildFile; fileRef = EKBD00010000000000000107 /* PrivacyInfo.xcprivacy */; };
		ELIZAKBDBRIDGE0000000001 /* ElizaKeyboardBridge.swift in Sources */ = {isa = PBXBuildFile; fileRef = ELIZAKBDBRIDGE0000000002 /* ElizaKeyboardBridge.swift */; };
		WBCB00010000000000000001 /* ActionRequestHandler.swift in Sources */ = {isa = PBXBuildFile; fileRef = WBCB00010000000000000102 /* ActionRequestHandler.swift */; };
		WBCB00010000000000000002 /* WebsiteBlockerContentExtension.appex in Embed App Extensions */ = {isa = PBXBuildFile; fileRef = WBCB00010000000000000101 /* WebsiteBlockerContentExtension.appex */; settings = {ATTRIBUTES = (RemoveHeadersOnCopy, ); }; };
		AUIT00010000000000000001 /* BootCaptureUITests.swift in Sources */ = {isa = PBXBuildFile; fileRef = AUIT00010000000000000002 /* BootCaptureUITests.swift */; };
		AUIT00010000000000000003 /* GestureSemanticsUITests.swift in Sources */ = {isa = PBXBuildFile; fileRef = AUIT00010000000000000004 /* GestureSemanticsUITests.swift */; };
		AUIT00010000000000000005 /* ViewWalkthroughUITests.swift in Sources */ = {isa = PBXBuildFile; fileRef = AUIT00010000000000000006 /* ViewWalkthroughUITests.swift */; };
		AUIT00010000000000000007 /* WidgetGalleryCaptureUITests.swift in Sources */ = {isa = PBXBuildFile; fileRef = AUIT00010000000000000008 /* WidgetGalleryCaptureUITests.swift */; };
		AUIT00010000000000000009 /* LauncherGestureLoopUITests.swift in Sources */ = {isa = PBXBuildFile; fileRef = AUIT0001000000000000000A /* LauncherGestureLoopUITests.swift */; };
		AUIT0001000000000000000B /* DeviceLifecycleUITests.swift in Sources */ = {isa = PBXBuildFile; fileRef = AUIT0001000000000000000C /* DeviceLifecycleUITests.swift */; };
		AUIT0001000000000000000D /* ChatFailureStrings.generated.swift in Sources */ = {isa = PBXBuildFile; fileRef = AUIT0001000000000000000E /* ChatFailureStrings.generated.swift */; };
/* End PBXBuildFile section */

/* Begin PBXContainerItemProxy section */
		DAMON000100000000000701 /* PBXContainerItemProxy */ = {
			isa = PBXContainerItemProxy;
			containerPortal = 504EC2FC1FED79650016851F /* Project object */;
			proxyType = 1;
			remoteGlobalIDString = DAMON000100000000000401;
			remoteInfo = DeviceActivityMonitorExtension;
		};
		DAREP000100000000000701 /* PBXContainerItemProxy */ = {
			isa = PBXContainerItemProxy;
			containerPortal = 504EC2FC1FED79650016851F /* Project object */;
			proxyType = 1;
			remoteGlobalIDString = DAREP000100000000000401;
			remoteInfo = DeviceActivityReportExtension;
		};
		EWDG00010000000000000701 /* PBXContainerItemProxy */ = {
			isa = PBXContainerItemProxy;
			containerPortal = 504EC2FC1FED79650016851F /* Project object */;
			proxyType = 1;
			remoteGlobalIDString = EWDG00010000000000000401;
			remoteInfo = ElizaWidgets;
		};
		WBCB00010000000000000701 /* PBXContainerItemProxy */ = {
			isa = PBXContainerItemProxy;
			containerPortal = 504EC2FC1FED79650016851F /* Project object */;
			proxyType = 1;
			remoteGlobalIDString = WBCB00010000000000000401;
			remoteInfo = WebsiteBlockerContentExtension;
		};
		EKBD00010000000000000701 /* PBXContainerItemProxy */ = {
			isa = PBXContainerItemProxy;
			containerPortal = 504EC2FC1FED79650016851F /* Project object */;
			proxyType = 1;
			remoteGlobalIDString = EKBD00010000000000000401;
			remoteInfo = ElizaKeyboard;
		};
		AUIT00010000000000000701 /* PBXContainerItemProxy */ = {
			isa = PBXContainerItemProxy;
			containerPortal = 504EC2FC1FED79650016851F /* Project object */;
			proxyType = 1;
			remoteGlobalIDString = 504EC3031FED79650016851F;
			remoteInfo = App;
		};
/* End PBXContainerItemProxy section */

/* Begin PBXCopyFilesBuildPhase section */
		WBCB00010000000000000201 /* Embed App Extensions */ = {
			isa = PBXCopyFilesBuildPhase;
			buildActionMask = 2147483647;
			dstPath = "";
			dstSubfolderSpec = 13;
			files = (
				WBCB00010000000000000002 /* WebsiteBlockerContentExtension.appex in Embed App Extensions */,
				DAMON000100000000000002 /* DeviceActivityMonitorExtension.appex in Embed App Extensions */,
				DAREP000100000000000002 /* DeviceActivityReportExtension.appex in Embed App Extensions */,
				EWDG00010000000000000002 /* ElizaWidgets.appex in Embed App Extensions */,
				EKBD00010000000000000002 /* ElizaKeyboard.appex in Embed App Extensions */,
			);
			name = "Embed App Extensions";
			runOnlyForDeploymentPostprocessing = 0;
		};
/* End PBXCopyFilesBuildPhase section */

/* Begin PBXFileReference section */
		2FAD9762203C412B000D30F8 /* config.xml */ = {isa = PBXFileReference; lastKnownFileType = text.xml; path = config.xml; sourceTree = "<group>"; };
		50379B222058CBB4000EE86E /* capacitor.config.json */ = {isa = PBXFileReference; fileEncoding = 4; lastKnownFileType = text.json; path = capacitor.config.json; sourceTree = "<group>"; };
		504EC3041FED79650016851F /* App.app */ = {isa = PBXFileReference; explicitFileType = wrapper.application; includeInIndex = 0; path = App.app; sourceTree = BUILT_PRODUCTS_DIR; };
		504EC3071FED79650016851F /* AppDelegate.swift */ = {isa = PBXFileReference; lastKnownFileType = sourcecode.swift; path = AppDelegate.swift; sourceTree = "<group>"; };
		504EC30C1FED79650016851F /* Base */ = {isa = PBXFileReference; lastKnownFileType = file.storyboard; name = Base; path = Base.lproj/Main.storyboard; sourceTree = "<group>"; };
		504EC30E1FED79650016851F /* Assets.xcassets */ = {isa = PBXFileReference; lastKnownFileType = folder.assetcatalog; path = Assets.xcassets; sourceTree = "<group>"; };
		504EC3111FED79650016851F /* Base */ = {isa = PBXFileReference; lastKnownFileType = file.storyboard; name = Base; path = Base.lproj/LaunchScreen.storyboard; sourceTree = "<group>"; };
		504EC3131FED79650016851F /* Info.plist */ = {isa = PBXFileReference; lastKnownFileType = text.plist.xml; path = Info.plist; sourceTree = "<group>"; };
		50B271D01FEDC1A000F3C39B /* public */ = {isa = PBXFileReference; lastKnownFileType = folder; path = public; sourceTree = "<group>"; };
		ELIZAIOSBRIDGE00000000002 /* ElizaBridgeViewController.swift */ = {isa = PBXFileReference; lastKnownFileType = sourcecode.swift; path = ElizaBridgeViewController.swift; sourceTree = "<group>"; };
		ELIZASTARTTRACE000000002 /* ElizaStartupTrace.swift */ = {isa = PBXFileReference; lastKnownFileType = sourcecode.swift; path = ElizaStartupTrace.swift; sourceTree = "<group>"; };
		AF277DCFFFF123FFC6DF26C7 /* Pods_App.framework */ = {isa = PBXFileReference; explicitFileType = wrapper.framework; includeInIndex = 0; path = Pods_App.framework; sourceTree = BUILT_PRODUCTS_DIR; };
		AF51FD2D460BCFE21FA515B2 /* Pods-App.release.xcconfig */ = {isa = PBXFileReference; includeInIndex = 1; lastKnownFileType = text.xcconfig; name = "Pods-App.release.xcconfig"; path = "Pods/Target Support Files/Pods-App/Pods-App.release.xcconfig"; sourceTree = "<group>"; };
		E1A5105A0000000000000002 /* ElizaAppIntents.swift */ = {isa = PBXFileReference; lastKnownFileType = sourcecode.swift; path = ElizaAppIntents.swift; sourceTree = "<group>"; };
		FC68EB0AF532CFC21C3344DD /* Pods-App.debug.xcconfig */ = {isa = PBXFileReference; includeInIndex = 1; lastKnownFileType = text.xcconfig; name = "Pods-App.debug.xcconfig"; path = "Pods/Target Support Files/Pods-App/Pods-App.debug.xcconfig"; sourceTree = "<group>"; };
		MIPL00010000000000000002 /* ElizaIntentPlugin.swift */ = {isa = PBXFileReference; lastKnownFileType = sourcecode.swift; path = ElizaIntentPlugin.swift; sourceTree = "<group>"; };
		AWDG00010000000000000002 /* AgentWatchdog.swift */ = {isa = PBXFileReference; lastKnownFileType = sourcecode.swift; path = AgentWatchdog.swift; sourceTree = "<group>"; };
		PRIVACYAPP000000000000002 /* PrivacyInfo.xcprivacy */ = {isa = PBXFileReference; lastKnownFileType = text.xml; path = PrivacyInfo.xcprivacy; sourceTree = "<group>"; };
		PRIVACYWBCB00000000000002 /* PrivacyInfo.xcprivacy */ = {isa = PBXFileReference; lastKnownFileType = text.xml; path = PrivacyInfo.xcprivacy; sourceTree = "<group>"; };
		SCENEDEL00000000000002 /* SceneDelegate.swift */ = {isa = PBXFileReference; lastKnownFileType = sourcecode.swift; path = SceneDelegate.swift; sourceTree = "<group>"; };
		DAMON000100000000000101 /* DeviceActivityMonitorExtension.appex */ = {isa = PBXFileReference; explicitFileType = "wrapper.app-extension"; includeInIndex = 0; path = DeviceActivityMonitorExtension.appex; sourceTree = BUILT_PRODUCTS_DIR; };
		DAMON000100000000000102 /* DeviceActivityMonitorExtension.swift */ = {isa = PBXFileReference; lastKnownFileType = sourcecode.swift; path = DeviceActivityMonitorExtension.swift; sourceTree = "<group>"; };
		DAMON000100000000000103 /* Info.plist */ = {isa = PBXFileReference; lastKnownFileType = text.plist.xml; path = Info.plist; sourceTree = "<group>"; };
		DAMON000100000000000104 /* DeviceActivityMonitorExtension.entitlements */ = {isa = PBXFileReference; lastKnownFileType = text.plist.entitlements; path = DeviceActivityMonitorExtension.entitlements; sourceTree = "<group>"; };
		DAREP000100000000000101 /* DeviceActivityReportExtension.appex */ = {isa = PBXFileReference; explicitFileType = "wrapper.app-extension"; includeInIndex = 0; path = DeviceActivityReportExtension.appex; sourceTree = BUILT_PRODUCTS_DIR; };
		DAREP000100000000000102 /* DeviceActivityReportExtension.swift */ = {isa = PBXFileReference; lastKnownFileType = sourcecode.swift; path = DeviceActivityReportExtension.swift; sourceTree = "<group>"; };
		DAREP000100000000000103 /* Info.plist */ = {isa = PBXFileReference; lastKnownFileType = text.plist.xml; path = Info.plist; sourceTree = "<group>"; };
		DAREP000100000000000104 /* DeviceActivityReportExtension.entitlements */ = {isa = PBXFileReference; lastKnownFileType = text.plist.entitlements; path = DeviceActivityReportExtension.entitlements; sourceTree = "<group>"; };
		EWDG00010000000000000101 /* ElizaWidgets.appex */ = {isa = PBXFileReference; explicitFileType = "wrapper.app-extension"; includeInIndex = 0; path = ElizaWidgets.appex; sourceTree = BUILT_PRODUCTS_DIR; };
		EWDG00010000000000000102 /* ElizaWidgets.swift */ = {isa = PBXFileReference; lastKnownFileType = sourcecode.swift; path = ElizaWidgets.swift; sourceTree = "<group>"; };
		EWDG00010000000000000103 /* Info.plist */ = {isa = PBXFileReference; lastKnownFileType = text.plist.xml; path = Info.plist; sourceTree = "<group>"; };
		EWDG00010000000000000104 /* ElizaWidgets.entitlements */ = {isa = PBXFileReference; lastKnownFileType = text.plist.entitlements; path = ElizaWidgets.entitlements; sourceTree = "<group>"; };
		EWDG00010000000000000105 /* ElizaWidgetControls.swift */ = {isa = PBXFileReference; lastKnownFileType = sourcecode.swift; path = ElizaWidgetControls.swift; sourceTree = "<group>"; };
		EWDG00010000000000000106 /* ElizaDictationAttributes.swift */ = {isa = PBXFileReference; lastKnownFileType = sourcecode.swift; path = ElizaDictationAttributes.swift; sourceTree = "<group>"; };
		EWDG00010000000000000107 /* ElizaDictationLiveActivity.swift */ = {isa = PBXFileReference; lastKnownFileType = sourcecode.swift; path = ElizaDictationLiveActivity.swift; sourceTree = "<group>"; };
		ELIZALIVEACT000000000002 /* ElizaLiveActivityBridge.swift */ = {isa = PBXFileReference; lastKnownFileType = sourcecode.swift; path = ElizaLiveActivityBridge.swift; sourceTree = "<group>"; };
		ELIZAKBDBRIDGE0000000002 /* ElizaKeyboardBridge.swift */ = {isa = PBXFileReference; lastKnownFileType = sourcecode.swift; path = ElizaKeyboardBridge.swift; sourceTree = "<group>"; };
		EKBD00010000000000000101 /* ElizaKeyboard.appex */ = {isa = PBXFileReference; explicitFileType = "wrapper.app-extension"; includeInIndex = 0; path = ElizaKeyboard.appex; sourceTree = BUILT_PRODUCTS_DIR; };
		EKBD00010000000000000102 /* KeyboardViewController.swift */ = {isa = PBXFileReference; lastKnownFileType = sourcecode.swift; path = KeyboardViewController.swift; sourceTree = "<group>"; };
		EKBD00010000000000000103 /* Info.plist */ = {isa = PBXFileReference; lastKnownFileType = text.plist.xml; path = Info.plist; sourceTree = "<group>"; };
		EKBD00010000000000000104 /* ElizaKeyboard.entitlements */ = {isa = PBXFileReference; lastKnownFileType = text.plist.entitlements; path = ElizaKeyboard.entitlements; sourceTree = "<group>"; };
		EKBD00010000000000000106 /* ElizaKeyboardDictationState.swift */ = {isa = PBXFileReference; lastKnownFileType = sourcecode.swift; path = ElizaKeyboardDictationState.swift; sourceTree = "<group>"; };
		EKBD00010000000000000107 /* PrivacyInfo.xcprivacy */ = {isa = PBXFileReference; lastKnownFileType = text.xml; path = PrivacyInfo.xcprivacy; sourceTree = "<group>"; };
		WBCB00010000000000000101 /* WebsiteBlockerContentExtension.appex */ = {isa = PBXFileReference; explicitFileType = "wrapper.app-extension"; includeInIndex = 0; path = WebsiteBlockerContentExtension.appex; sourceTree = BUILT_PRODUCTS_DIR; };
		WBCB00010000000000000102 /* ActionRequestHandler.swift */ = {isa = PBXFileReference; lastKnownFileType = sourcecode.swift; path = ActionRequestHandler.swift; sourceTree = "<group>"; };
		WBCB00010000000000000103 /* Info.plist */ = {isa = PBXFileReference; lastKnownFileType = text.plist.xml; path = Info.plist; sourceTree = "<group>"; };
		WBCB00010000000000000104 /* WebsiteBlockerContentExtension.entitlements */ = {isa = PBXFileReference; lastKnownFileType = text.plist.entitlements; path = WebsiteBlockerContentExtension.entitlements; sourceTree = "<group>"; };
		AUIT00010000000000000002 /* BootCaptureUITests.swift */ = {isa = PBXFileReference; lastKnownFileType = sourcecode.swift; path = BootCaptureUITests.swift; sourceTree = "<group>"; };
		AUIT00010000000000000004 /* GestureSemanticsUITests.swift */ = {isa = PBXFileReference; lastKnownFileType = sourcecode.swift; path = GestureSemanticsUITests.swift; sourceTree = "<group>"; };
		AUIT00010000000000000006 /* ViewWalkthroughUITests.swift */ = {isa = PBXFileReference; lastKnownFileType = sourcecode.swift; path = ViewWalkthroughUITests.swift; sourceTree = "<group>"; };
		AUIT00010000000000000008 /* WidgetGalleryCaptureUITests.swift */ = {isa = PBXFileReference; lastKnownFileType = sourcecode.swift; path = WidgetGalleryCaptureUITests.swift; sourceTree = "<group>"; };
		AUIT0001000000000000000A /* LauncherGestureLoopUITests.swift */ = {isa = PBXFileReference; lastKnownFileType = sourcecode.swift; path = LauncherGestureLoopUITests.swift; sourceTree = "<group>"; };
		AUIT0001000000000000000C /* DeviceLifecycleUITests.swift */ = {isa = PBXFileReference; lastKnownFileType = sourcecode.swift; path = DeviceLifecycleUITests.swift; sourceTree = "<group>"; };
		AUIT0001000000000000000E /* ChatFailureStrings.generated.swift */ = {isa = PBXFileReference; lastKnownFileType = sourcecode.swift; path = ChatFailureStrings.generated.swift; sourceTree = "<group>"; };
		AUIT00010000000000000101 /* AppUITests.xctest */ = {isa = PBXFileReference; explicitFileType = wrapper.cfbundle; includeInIndex = 0; path = AppUITests.xctest; sourceTree = BUILT_PRODUCTS_DIR; };
/* End PBXFileReference section */

/* Begin PBXFrameworksBuildPhase section */
		504EC3011FED79650016851F /* Frameworks */ = {
			isa = PBXFrameworksBuildPhase;
			buildActionMask = 2147483647;
			files = (
				A084ECDBA7D38E1E42DFC39D /* Pods_App.framework in Frameworks */,
			);
			runOnlyForDeploymentPostprocessing = 0;
		};
		WBCB00010000000000000202 /* Frameworks */ = {
			isa = PBXFrameworksBuildPhase;
			buildActionMask = 2147483647;
			files = (
			);
			runOnlyForDeploymentPostprocessing = 0;
		};
		DAMON000100000000000202 /* Frameworks */ = {
			isa = PBXFrameworksBuildPhase;
			buildActionMask = 2147483647;
			files = (
			);
			runOnlyForDeploymentPostprocessing = 0;
		};
		DAREP000100000000000202 /* Frameworks */ = {
			isa = PBXFrameworksBuildPhase;
			buildActionMask = 2147483647;
			files = (
			);
			runOnlyForDeploymentPostprocessing = 0;
		};
		AUIT00010000000000000202 /* Frameworks */ = {
			isa = PBXFrameworksBuildPhase;
			buildActionMask = 2147483647;
			files = (
			);
			runOnlyForDeploymentPostprocessing = 0;
		};
		EWDG00010000000000000202 /* Frameworks */ = {
			isa = PBXFrameworksBuildPhase;
			buildActionMask = 2147483647;
			files = (
			);
			runOnlyForDeploymentPostprocessing = 0;
		};
		EKBD00010000000000000202 /* Frameworks */ = {
			isa = PBXFrameworksBuildPhase;
			buildActionMask = 2147483647;
			files = (
			);
			runOnlyForDeploymentPostprocessing = 0;
		};
/* End PBXFrameworksBuildPhase section */

/* Begin PBXGroup section */
		27E2DDA53C4D2A4D1A88CE4A /* Frameworks */ = {
			isa = PBXGroup;
			children = (
				AF277DCFFFF123FFC6DF26C7 /* Pods_App.framework */,
			);
			name = Frameworks;
			sourceTree = "<group>";
		};
		504EC2FB1FED79650016851F = {
			isa = PBXGroup;
			children = (
				504EC3061FED79650016851F /* App */,
				AUIT00010000000000000301 /* AppUITests */,
				504EC3051FED79650016851F /* Products */,
				7F8756D8B27F46E3366F6CEA /* Pods */,
				27E2DDA53C4D2A4D1A88CE4A /* Frameworks */,
			);
			sourceTree = "<group>";
		};
		504EC3051FED79650016851F /* Products */ = {
			isa = PBXGroup;
			children = (
				504EC3041FED79650016851F /* App.app */,
				WBCB00010000000000000101 /* WebsiteBlockerContentExtension.appex */,
				DAMON000100000000000101 /* DeviceActivityMonitorExtension.appex */,
				DAREP000100000000000101 /* DeviceActivityReportExtension.appex */,
				EWDG00010000000000000101 /* ElizaWidgets.appex */,
				EKBD00010000000000000101 /* ElizaKeyboard.appex */,
				AUIT00010000000000000101 /* AppUITests.xctest */,
			);
			name = Products;
			sourceTree = "<group>";
		};
		504EC3061FED79650016851F /* App */ = {
			isa = PBXGroup;
			children = (
				50379B222058CBB4000EE86E /* capacitor.config.json */,
				504EC3071FED79650016851F /* AppDelegate.swift */,
				ELIZASTARTTRACE000000002 /* ElizaStartupTrace.swift */,
				ELIZAIOSBRIDGE00000000002 /* ElizaBridgeViewController.swift */,
				SCENEDEL00000000000002 /* SceneDelegate.swift */,
				E1A5105A0000000000000002 /* ElizaAppIntents.swift */,
				MIPL00010000000000000002 /* ElizaIntentPlugin.swift */,
				ELIZALIVEACT000000000002 /* ElizaLiveActivityBridge.swift */,
				ELIZAKBDBRIDGE0000000002 /* ElizaKeyboardBridge.swift */,
				AWDG00010000000000000002 /* AgentWatchdog.swift */,
				504EC30B1FED79650016851F /* Main.storyboard */,
				504EC30E1FED79650016851F /* Assets.xcassets */,
				504EC3101FED79650016851F /* LaunchScreen.storyboard */,
				504EC3131FED79650016851F /* Info.plist */,
				PRIVACYAPP000000000000002 /* PrivacyInfo.xcprivacy */,
				2FAD9762203C412B000D30F8 /* config.xml */,
				50B271D01FEDC1A000F3C39B /* public */,
				WBCB00010000000000000301 /* WebsiteBlockerContentExtension */,
				DAMON000100000000000301 /* DeviceActivityMonitorExtension */,
				DAREP000100000000000301 /* DeviceActivityReportExtension */,
				EWDG00010000000000000301 /* ElizaWidgets */,
				EKBD00010000000000000301 /* ElizaKeyboard */,
			);
			path = App;
			sourceTree = "<group>";
		};
		7F8756D8B27F46E3366F6CEA /* Pods */ = {
			isa = PBXGroup;
			children = (
				FC68EB0AF532CFC21C3344DD /* Pods-App.debug.xcconfig */,
				AF51FD2D460BCFE21FA515B2 /* Pods-App.release.xcconfig */,
			);
			name = Pods;
			sourceTree = "<group>";
		};
		WBCB00010000000000000301 /* WebsiteBlockerContentExtension */ = {
			isa = PBXGroup;
			children = (
				WBCB00010000000000000102 /* ActionRequestHandler.swift */,
				WBCB00010000000000000103 /* Info.plist */,
				WBCB00010000000000000104 /* WebsiteBlockerContentExtension.entitlements */,
				PRIVACYWBCB00000000000002 /* PrivacyInfo.xcprivacy */,
			);
			path = WebsiteBlockerContentExtension;
			sourceTree = "<group>";
		};
		DAMON000100000000000301 /* DeviceActivityMonitorExtension */ = {
			isa = PBXGroup;
			children = (
				DAMON000100000000000102 /* DeviceActivityMonitorExtension.swift */,
				DAMON000100000000000103 /* Info.plist */,
				DAMON000100000000000104 /* DeviceActivityMonitorExtension.entitlements */,
			);
			path = DeviceActivityMonitorExtension;
			sourceTree = "<group>";
		};
		DAREP000100000000000301 /* DeviceActivityReportExtension */ = {
			isa = PBXGroup;
			children = (
				DAREP000100000000000102 /* DeviceActivityReportExtension.swift */,
				DAREP000100000000000103 /* Info.plist */,
				DAREP000100000000000104 /* DeviceActivityReportExtension.entitlements */,
			);
			path = DeviceActivityReportExtension;
			sourceTree = "<group>";
		};
		EWDG00010000000000000301 /* ElizaWidgets */ = {
			isa = PBXGroup;
			children = (
				EWDG00010000000000000102 /* ElizaWidgets.swift */,
				EWDG00010000000000000105 /* ElizaWidgetControls.swift */,
				EWDG00010000000000000106 /* ElizaDictationAttributes.swift */,
				EWDG00010000000000000107 /* ElizaDictationLiveActivity.swift */,
				EWDG00010000000000000103 /* Info.plist */,
				EWDG00010000000000000104 /* ElizaWidgets.entitlements */,
			);
			path = ElizaWidgets;
			sourceTree = "<group>";
		};
		EKBD00010000000000000301 /* ElizaKeyboard */ = {
			isa = PBXGroup;
			children = (
				EKBD00010000000000000102 /* KeyboardViewController.swift */,
				EKBD00010000000000000106 /* ElizaKeyboardDictationState.swift */,
				EKBD00010000000000000103 /* Info.plist */,
				EKBD00010000000000000104 /* ElizaKeyboard.entitlements */,
				EKBD00010000000000000107 /* PrivacyInfo.xcprivacy */,
			);
			path = ElizaKeyboard;
			sourceTree = "<group>";
		};
		AUIT00010000000000000301 /* AppUITests */ = {
			isa = PBXGroup;
			children = (
				AUIT00010000000000000002 /* BootCaptureUITests.swift */,
				AUIT00010000000000000004 /* GestureSemanticsUITests.swift */,
				AUIT00010000000000000006 /* ViewWalkthroughUITests.swift */,
				AUIT00010000000000000008 /* WidgetGalleryCaptureUITests.swift */,
				AUIT0001000000000000000A /* LauncherGestureLoopUITests.swift */,
				AUIT0001000000000000000C /* DeviceLifecycleUITests.swift */,
				AUIT0001000000000000000E /* ChatFailureStrings.generated.swift */,
			);
			path = AppUITests;
			sourceTree = "<group>";
		};
/* End PBXGroup section */

/* Begin PBXNativeTarget section */
		504EC3031FED79650016851F /* App */ = {
			isa = PBXNativeTarget;
			buildConfigurationList = 504EC3161FED79650016851F /* Build configuration list for PBXNativeTarget "App" */;
			buildPhases = (
				6634F4EFEBD30273BCE97C65 /* [CP] Check Pods Manifest.lock */,
				504EC3001FED79650016851F /* Sources */,
				504EC3011FED79650016851F /* Frameworks */,
				504EC3021FED79650016851F /* Resources */,
				WBCB00010000000000000201 /* Embed App Extensions */,
				ELIZA0001COMPILEASSETS001 /* Compile Asset Catalog */,
				9592DBEFFC6D2A0C8D5DEB22 /* [CP] Embed Pods Frameworks */,
			);
			buildRules = (
			);
			dependencies = (
				WBCB00010000000000000702 /* PBXTargetDependency */,
				DAMON000100000000000702 /* PBXTargetDependency */,
				DAREP000100000000000702 /* PBXTargetDependency */,
				EWDG00010000000000000702 /* PBXTargetDependency */,
				EKBD00010000000000000702 /* PBXTargetDependency */,
			);
			name = App;
			productName = App;
			productReference = 504EC3041FED79650016851F /* App.app */;
			productType = "com.apple.product-type.application";
		};
		WBCB00010000000000000401 /* WebsiteBlockerContentExtension */ = {
			isa = PBXNativeTarget;
			buildConfigurationList = WBCB00010000000000000601 /* Build configuration list for PBXNativeTarget "WebsiteBlockerContentExtension" */;
			buildPhases = (
				WBCB00010000000000000203 /* Sources */,
				WBCB00010000000000000202 /* Frameworks */,
				WBCB00010000000000000204 /* Resources */,
			);
			buildRules = (
			);
			dependencies = (
			);
			name = WebsiteBlockerContentExtension;
			productName = WebsiteBlockerContentExtension;
			productReference = WBCB00010000000000000101 /* WebsiteBlockerContentExtension.appex */;
			productType = "com.apple.product-type.app-extension";
		};
		DAMON000100000000000401 /* DeviceActivityMonitorExtension */ = {
			isa = PBXNativeTarget;
			buildConfigurationList = DAMON000100000000000601 /* Build configuration list for PBXNativeTarget "DeviceActivityMonitorExtension" */;
			buildPhases = (
				DAMON000100000000000203 /* Sources */,
				DAMON000100000000000202 /* Frameworks */,
				DAMON000100000000000204 /* Resources */,
			);
			buildRules = (
			);
			dependencies = (
			);
			name = DeviceActivityMonitorExtension;
			productName = DeviceActivityMonitorExtension;
			productReference = DAMON000100000000000101 /* DeviceActivityMonitorExtension.appex */;
			productType = "com.apple.product-type.app-extension";
		};
		DAREP000100000000000401 /* DeviceActivityReportExtension */ = {
			isa = PBXNativeTarget;
			buildConfigurationList = DAREP000100000000000601 /* Build configuration list for PBXNativeTarget "DeviceActivityReportExtension" */;
			buildPhases = (
				DAREP000100000000000203 /* Sources */,
				DAREP000100000000000202 /* Frameworks */,
				DAREP000100000000000204 /* Resources */,
			);
			buildRules = (
			);
			dependencies = (
			);
			name = DeviceActivityReportExtension;
			productName = DeviceActivityReportExtension;
			productReference = DAREP000100000000000101 /* DeviceActivityReportExtension.appex */;
			productType = "com.apple.product-type.app-extension";
		};
		EWDG00010000000000000401 /* ElizaWidgets */ = {
			isa = PBXNativeTarget;
			buildConfigurationList = EWDG00010000000000000601 /* Build configuration list for PBXNativeTarget "ElizaWidgets" */;
			buildPhases = (
				EWDG00010000000000000203 /* Sources */,
				EWDG00010000000000000202 /* Frameworks */,
				EWDG00010000000000000204 /* Resources */,
			);
			buildRules = (
			);
			dependencies = (
			);
			name = ElizaWidgets;
			productName = ElizaWidgets;
			productReference = EWDG00010000000000000101 /* ElizaWidgets.appex */;
			productType = "com.apple.product-type.app-extension";
		};
		EKBD00010000000000000401 /* ElizaKeyboard */ = {
			isa = PBXNativeTarget;
			buildConfigurationList = EKBD00010000000000000601 /* Build configuration list for PBXNativeTarget "ElizaKeyboard" */;
			buildPhases = (
				EKBD00010000000000000203 /* Sources */,
				EKBD00010000000000000202 /* Frameworks */,
				EKBD00010000000000000204 /* Resources */,
			);
			buildRules = (
			);
			dependencies = (
			);
			name = ElizaKeyboard;
			productName = ElizaKeyboard;
			productReference = EKBD00010000000000000101 /* ElizaKeyboard.appex */;
			productType = "com.apple.product-type.app-extension";
		};
		AUIT00010000000000000401 /* AppUITests */ = {
			isa = PBXNativeTarget;
			buildConfigurationList = AUIT00010000000000000601 /* Build configuration list for PBXNativeTarget "AppUITests" */;
			buildPhases = (
				AUIT00010000000000000203 /* Sources */,
				AUIT00010000000000000202 /* Frameworks */,
				AUIT00010000000000000204 /* Resources */,
			);
			buildRules = (
			);
			dependencies = (
				AUIT00010000000000000702 /* PBXTargetDependency */,
			);
			name = AppUITests;
			productName = AppUITests;
			productReference = AUIT00010000000000000101 /* AppUITests.xctest */;
			productType = "com.apple.product-type.bundle.ui-testing";
		};
/* End PBXNativeTarget section */

/* Begin PBXProject section */
		504EC2FC1FED79650016851F /* Project object */ = {
			isa = PBXProject;
			attributes = {
				LastSwiftUpdateCheck = 0920;
				LastUpgradeCheck = 0920;
				TargetAttributes = {
					504EC3031FED79650016851F = {
						CreatedOnToolsVersion = 9.2;
						LastSwiftMigration = 1100;
						ProvisioningStyle = Automatic;
					};
					WBCB00010000000000000401 = {
						CreatedOnToolsVersion = 16.1;
						ProvisioningStyle = Automatic;
					};
					DAMON000100000000000401 = {
						CreatedOnToolsVersion = 16.1;
						ProvisioningStyle = Automatic;
					};
					DAREP000100000000000401 = {
						CreatedOnToolsVersion = 16.1;
						ProvisioningStyle = Automatic;
					};
					EWDG00010000000000000401 = {
						CreatedOnToolsVersion = 16.1;
						ProvisioningStyle = Automatic;
					};
					EKBD00010000000000000401 = {
						CreatedOnToolsVersion = 16.1;
						ProvisioningStyle = Automatic;
					};
					AUIT00010000000000000401 = {
						CreatedOnToolsVersion = 16.1;
						ProvisioningStyle = Automatic;
						TestTargetID = 504EC3031FED79650016851F;
					};
				};
			};
			buildConfigurationList = 504EC2FF1FED79650016851F /* Build configuration list for PBXProject "App" */;
			compatibilityVersion = "Xcode 8.0";
			developmentRegion = en;
			hasScannedForEncodings = 0;
			knownRegions = (
				en,
				Base,
			);
			mainGroup = 504EC2FB1FED79650016851F;
			productRefGroup = 504EC3051FED79650016851F /* Products */;
			projectDirPath = "";
			projectRoot = "";
			targets = (
				504EC3031FED79650016851F /* App */,
				WBCB00010000000000000401 /* WebsiteBlockerContentExtension */,
				DAMON000100000000000401 /* DeviceActivityMonitorExtension */,
				DAREP000100000000000401 /* DeviceActivityReportExtension */,
				EWDG00010000000000000401 /* ElizaWidgets */,
				EKBD00010000000000000401 /* ElizaKeyboard */,
				AUIT00010000000000000401 /* AppUITests */,
			);
		};
/* End PBXProject section */

/* Begin PBXResourcesBuildPhase section */
		504EC3021FED79650016851F /* Resources */ = {
			isa = PBXResourcesBuildPhase;
			buildActionMask = 2147483647;
			files = (
				504EC3121FED79650016851F /* LaunchScreen.storyboard in Resources */,
				PRIVACYAPP000000000000001 /* PrivacyInfo.xcprivacy in Resources */,
				50B271D11FEDC1A000F3C39B /* public in Resources */,
				50379B232058CBB4000EE86E /* capacitor.config.json in Resources */,
				504EC30D1FED79650016851F /* Main.storyboard in Resources */,
				2FAD9763203C412B000D30F8 /* config.xml in Resources */,
			);
			runOnlyForDeploymentPostprocessing = 0;
		};
		WBCB00010000000000000204 /* Resources */ = {
			isa = PBXResourcesBuildPhase;
			buildActionMask = 2147483647;
			files = (
				PRIVACYWBCB00000000000001 /* PrivacyInfo.xcprivacy in Resources */,
			);
			runOnlyForDeploymentPostprocessing = 0;
		};
		DAMON000100000000000204 /* Resources */ = {
			isa = PBXResourcesBuildPhase;
			buildActionMask = 2147483647;
			files = (
			);
			runOnlyForDeploymentPostprocessing = 0;
		};
		DAREP000100000000000204 /* Resources */ = {
			isa = PBXResourcesBuildPhase;
			buildActionMask = 2147483647;
			files = (
			);
			runOnlyForDeploymentPostprocessing = 0;
		};
		AUIT00010000000000000204 /* Resources */ = {
			isa = PBXResourcesBuildPhase;
			buildActionMask = 2147483647;
			files = (
			);
			runOnlyForDeploymentPostprocessing = 0;
		};
		EWDG00010000000000000204 /* Resources */ = {
			isa = PBXResourcesBuildPhase;
			buildActionMask = 2147483647;
			files = (
			);
			runOnlyForDeploymentPostprocessing = 0;
		};
		EKBD00010000000000000204 /* Resources */ = {
			isa = PBXResourcesBuildPhase;
			buildActionMask = 2147483647;
			files = (
				EKBD00010000000000000005 /* PrivacyInfo.xcprivacy in Resources */,
			);
			runOnlyForDeploymentPostprocessing = 0;
		};
/* End PBXResourcesBuildPhase section */

/* Begin PBXShellScriptBuildPhase section */
		6634F4EFEBD30273BCE97C65 /* [CP] Check Pods Manifest.lock */ = {
			isa = PBXShellScriptBuildPhase;
			buildActionMask = 2147483647;
			files = (
			);
			inputPaths = (
				"${PODS_PODFILE_DIR_PATH}/Podfile.lock",
				"${PODS_ROOT}/Manifest.lock",
			);
			name = "[CP] Check Pods Manifest.lock";
			outputPaths = (
				"$(DERIVED_FILE_DIR)/Pods-App-checkManifestLockResult.txt",
			);
			runOnlyForDeploymentPostprocessing = 0;
			shellPath = /bin/sh;
			shellScript = "diff \"${PODS_PODFILE_DIR_PATH}/Podfile.lock\" \"${PODS_ROOT}/Manifest.lock\" > /dev/null\nif [ $? != 0 ] ; then\n    # print error to STDERR\n    echo \"error: The sandbox is not in sync with the Podfile.lock. Run 'pod install' or update your CocoaPods installation.\" >&2\n    exit 1\nfi\n# This output is used by Xcode 'outputs' to avoid re-running this script phase.\necho \"SUCCESS\" > \"${SCRIPT_OUTPUT_FILE_0}\"\n";
			showEnvVarsInLog = 0;
		};
		9592DBEFFC6D2A0C8D5DEB22 /* [CP] Embed Pods Frameworks */ = {
			isa = PBXShellScriptBuildPhase;
			buildActionMask = 2147483647;
			files = (
			);
			inputPaths = (
			);
			name = "[CP] Embed Pods Frameworks";
			outputPaths = (
			);
			runOnlyForDeploymentPostprocessing = 0;
			shellPath = /bin/sh;
			shellScript = "\"${PODS_ROOT}/Target Support Files/Pods-App/Pods-App-frameworks.sh\"\n";
			showEnvVarsInLog = 0;
		};
		ELIZA0001COMPILEASSETS001 /* Compile Asset Catalog */ = {
			isa = PBXShellScriptBuildPhase;
			buildActionMask = 2147483647;
			files = (
			);
			inputPaths = (
				"$(SRCROOT)/App/Assets.xcassets",
			);
			name = "Compile Asset Catalog";
			outputPaths = (
				"$(TARGET_BUILD_DIR)/$(UNLOCALIZED_RESOURCES_FOLDER_PATH)/Assets.car",
			);
			runOnlyForDeploymentPostprocessing = 0;
			shellPath = /bin/sh;
			shellScript = "# Compile asset catalog directly with actool, bypassing xcodebuild's\n# built-in asset catalog compilation which fails on Xcode 16.1 with\n# 'Failed to launch AssetCatalogSimulatorAgent via CoreSimulator spawn'.\n# actool produces correct output files even when the thinning agent\n# fails, so we ignore the exit code (|| true).\nACTOOL=\"${DEVELOPER_DIR}/usr/bin/actool\"\n\"${ACTOOL}\" \\\n  --output-format human-readable-text \\\n  --notices --warnings \\\n  --app-icon AppIcon \\\n  --compress-pngs \\\n  --enable-on-demand-resources YES \\\n  --development-region en \\\n  --target-device iphone \\\n  --target-device ipad \\\n  --minimum-deployment-target \"${IPHONEOS_DEPLOYMENT_TARGET}\" \\\n  --platform \"${PLATFORM_NAME}\" \\\n  --output-partial-info-plist \"${TARGET_TEMP_DIR}/assetcatalog_generated_info.plist\" \\\n  --compile \"${TARGET_BUILD_DIR}/${UNLOCALIZED_RESOURCES_FOLDER_PATH}\" \\\n  \"${SRCROOT}/App/Assets.xcassets\" || true\n";
			showEnvVarsInLog = 0;
		};
/* End PBXShellScriptBuildPhase section */

/* Begin PBXSourcesBuildPhase section */
		504EC3001FED79650016851F /* Sources */ = {
			isa = PBXSourcesBuildPhase;
			buildActionMask = 2147483647;
			files = (
				504EC3081FED79650016851F /* AppDelegate.swift in Sources */,
				ELIZASTARTTRACE000000001 /* ElizaStartupTrace.swift in Sources */,
				ELIZAIOSBRIDGE00000000001 /* ElizaBridgeViewController.swift in Sources */,
				SCENEDEL00000000000001 /* SceneDelegate.swift in Sources */,
				E1A5105A0000000000000001 /* ElizaAppIntents.swift in Sources */,
				MIPL00010000000000000001 /* ElizaIntentPlugin.swift in Sources */,
				ELIZALIVEACT000000000001 /* ElizaLiveActivityBridge.swift in Sources */,
				ELIZAKBDBRIDGE0000000001 /* ElizaKeyboardBridge.swift in Sources */,
				EWDG00010000000000000004 /* ElizaDictationAttributes.swift in Sources */,
				EKBD00010000000000000004 /* ElizaKeyboardDictationState.swift in Sources */,
				AWDG00010000000000000001 /* AgentWatchdog.swift in Sources */,
			);
			runOnlyForDeploymentPostprocessing = 0;
		};
		WBCB00010000000000000203 /* Sources */ = {
			isa = PBXSourcesBuildPhase;
			buildActionMask = 2147483647;
			files = (
				WBCB00010000000000000001 /* ActionRequestHandler.swift in Sources */,
			);
			runOnlyForDeploymentPostprocessing = 0;
		};
		DAMON000100000000000203 /* Sources */ = {
			isa = PBXSourcesBuildPhase;
			buildActionMask = 2147483647;
			files = (
				DAMON000100000000000001 /* DeviceActivityMonitorExtension.swift in Sources */,
			);
			runOnlyForDeploymentPostprocessing = 0;
		};
		DAREP000100000000000203 /* Sources */ = {
			isa = PBXSourcesBuildPhase;
			buildActionMask = 2147483647;
			files = (
				DAREP000100000000000001 /* DeviceActivityReportExtension.swift in Sources */,
			);
			runOnlyForDeploymentPostprocessing = 0;
		};
		AUIT00010000000000000203 /* Sources */ = {
			isa = PBXSourcesBuildPhase;
			buildActionMask = 2147483647;
			files = (
				AUIT00010000000000000001 /* BootCaptureUITests.swift in Sources */,
				AUIT00010000000000000003 /* GestureSemanticsUITests.swift in Sources */,
				AUIT00010000000000000005 /* ViewWalkthroughUITests.swift in Sources */,
				AUIT00010000000000000007 /* WidgetGalleryCaptureUITests.swift in Sources */,
				AUIT00010000000000000009 /* LauncherGestureLoopUITests.swift in Sources */,
				AUIT0001000000000000000B /* DeviceLifecycleUITests.swift in Sources */,
				AUIT0001000000000000000D /* ChatFailureStrings.generated.swift in Sources */,
			);
			runOnlyForDeploymentPostprocessing = 0;
		};
		EWDG00010000000000000203 /* Sources */ = {
			isa = PBXSourcesBuildPhase;
			buildActionMask = 2147483647;
			files = (
				EWDG00010000000000000001 /* ElizaWidgets.swift in Sources */,
				EWDG00010000000000000003 /* ElizaWidgetControls.swift in Sources */,
				EWDG00010000000000000005 /* ElizaDictationAttributes.swift in Sources */,
				EWDG00010000000000000006 /* ElizaDictationLiveActivity.swift in Sources */,
			);
			runOnlyForDeploymentPostprocessing = 0;
		};
		EKBD00010000000000000203 /* Sources */ = {
			isa = PBXSourcesBuildPhase;
			buildActionMask = 2147483647;
			files = (
				EKBD00010000000000000001 /* KeyboardViewController.swift in Sources */,
				EKBD00010000000000000003 /* ElizaKeyboardDictationState.swift in Sources */,
			);
			runOnlyForDeploymentPostprocessing = 0;
		};
/* End PBXSourcesBuildPhase section */

/* Begin PBXTargetDependency section */
		WBCB00010000000000000702 /* PBXTargetDependency */ = {
			isa = PBXTargetDependency;
			target = WBCB00010000000000000401 /* WebsiteBlockerContentExtension */;
			targetProxy = WBCB00010000000000000701 /* PBXContainerItemProxy */;
		};
		DAMON000100000000000702 /* PBXTargetDependency */ = {
			isa = PBXTargetDependency;
			target = DAMON000100000000000401 /* DeviceActivityMonitorExtension */;
			targetProxy = DAMON000100000000000701 /* PBXContainerItemProxy */;
		};
		DAREP000100000000000702 /* PBXTargetDependency */ = {
			isa = PBXTargetDependency;
			target = DAREP000100000000000401 /* DeviceActivityReportExtension */;
			targetProxy = DAREP000100000000000701 /* PBXContainerItemProxy */;
		};
		AUIT00010000000000000702 /* PBXTargetDependency */ = {
			isa = PBXTargetDependency;
			target = 504EC3031FED79650016851F /* App */;
			targetProxy = AUIT00010000000000000701 /* PBXContainerItemProxy */;
		};
		EWDG00010000000000000702 /* PBXTargetDependency */ = {
			isa = PBXTargetDependency;
			target = EWDG00010000000000000401 /* ElizaWidgets */;
			targetProxy = EWDG00010000000000000701 /* PBXContainerItemProxy */;
		};
		EKBD00010000000000000702 /* PBXTargetDependency */ = {
			isa = PBXTargetDependency;
			target = EKBD00010000000000000401 /* ElizaKeyboard */;
			targetProxy = EKBD00010000000000000701 /* PBXContainerItemProxy */;
		};
/* End PBXTargetDependency section */

/* Begin PBXVariantGroup section */
		504EC30B1FED79650016851F /* Main.storyboard */ = {
			isa = PBXVariantGroup;
			children = (
				504EC30C1FED79650016851F /* Base */,
			);
			name = Main.storyboard;
			sourceTree = "<group>";
		};
		504EC3101FED79650016851F /* LaunchScreen.storyboard */ = {
			isa = PBXVariantGroup;
			children = (
				504EC3111FED79650016851F /* Base */,
			);
			name = LaunchScreen.storyboard;
			sourceTree = "<group>";
		};
/* End PBXVariantGroup section */

/* Begin XCBuildConfiguration section */
		504EC3141FED79650016851F /* Debug */ = {
			isa = XCBuildConfiguration;
			buildSettings = {
				ALWAYS_SEARCH_USER_PATHS = NO;
				CLANG_ANALYZER_NONNULL = YES;
				CLANG_ANALYZER_NUMBER_OBJECT_CONVERSION = YES_AGGRESSIVE;
				CLANG_CXX_LANGUAGE_STANDARD = "gnu++14";
				CLANG_CXX_LIBRARY = "libc++";
				CLANG_ENABLE_MODULES = YES;
				CLANG_ENABLE_OBJC_ARC = YES;
				CLANG_WARN_BLOCK_CAPTURE_AUTORELEASING = YES;
				CLANG_WARN_BOOL_CONVERSION = YES;
				CLANG_WARN_COMMA = YES;
				CLANG_WARN_CONSTANT_CONVERSION = YES;
				CLANG_WARN_DIRECT_OBJC_ISA_USAGE = YES_ERROR;
				CLANG_WARN_DOCUMENTATION_COMMENTS = YES;
				CLANG_WARN_EMPTY_BODY = YES;
				CLANG_WARN_ENUM_CONVERSION = YES;
				CLANG_WARN_INFINITE_RECURSION = YES;
				CLANG_WARN_INT_CONVERSION = YES;
				CLANG_WARN_NON_LITERAL_NULL_CONVERSION = YES;
				CLANG_WARN_OBJC_LITERAL_CONVERSION = YES;
				CLANG_WARN_OBJC_ROOT_CLASS = YES_ERROR;
				CLANG_WARN_RANGE_LOOP_ANALYSIS = YES;
				CLANG_WARN_STRICT_PROTOTYPES = YES;
				CLANG_WARN_SUSPICIOUS_MOVE = YES;
				CLANG_WARN_UNGUARDED_AVAILABILITY = YES_AGGRESSIVE;
				CLANG_WARN_UNREACHABLE_CODE = YES;
				CLANG_WARN__DUPLICATE_METHOD_MATCH = YES;
				CODE_SIGN_IDENTITY = "iPhone Developer";
				COPY_PHASE_STRIP = NO;
				DEBUG_INFORMATION_FORMAT = dwarf;
				ENABLE_STRICT_OBJC_MSGSEND = YES;
				ENABLE_TESTABILITY = YES;
				GCC_C_LANGUAGE_STANDARD = gnu11;
				GCC_DYNAMIC_NO_PIC = NO;
				GCC_NO_COMMON_BLOCKS = YES;
				GCC_OPTIMIZATION_LEVEL = 0;
				GCC_PREPROCESSOR_DEFINITIONS = (
					"DEBUG=1",
					"$(inherited)",
				);
				GCC_WARN_64_TO_32_BIT_CONVERSION = YES;
				GCC_WARN_ABOUT_RETURN_TYPE = YES_ERROR;
				GCC_WARN_UNDECLARED_SELECTOR = YES;
				GCC_WARN_UNINITIALIZED_AUTOS = YES_AGGRESSIVE;
				GCC_WARN_UNUSED_FUNCTION = YES;
				GCC_WARN_UNUSED_VARIABLE = YES;
				IPHONEOS_DEPLOYMENT_TARGET = 16.0;
				MTL_ENABLE_DEBUG_INFO = YES;
				ONLY_ACTIVE_ARCH = YES;
				SDKROOT = iphoneos;
				SWIFT_ACTIVE_COMPILATION_CONDITIONS = DEBUG;
				SWIFT_OPTIMIZATION_LEVEL = "-Onone";
			};
			name = Debug;
		};
		504EC3151FED79650016851F /* Release */ = {
			isa = XCBuildConfiguration;
			buildSettings = {
				ALWAYS_SEARCH_USER_PATHS = NO;
				CLANG_ANALYZER_NONNULL = YES;
				CLANG_ANALYZER_NUMBER_OBJECT_CONVERSION = YES_AGGRESSIVE;
				CLANG_CXX_LANGUAGE_STANDARD = "gnu++14";
				CLANG_CXX_LIBRARY = "libc++";
				CLANG_ENABLE_MODULES = YES;
				CLANG_ENABLE_OBJC_ARC = YES;
				CLANG_WARN_BLOCK_CAPTURE_AUTORELEASING = YES;
				CLANG_WARN_BOOL_CONVERSION = YES;
				CLANG_WARN_COMMA = YES;
				CLANG_WARN_CONSTANT_CONVERSION = YES;
				CLANG_WARN_DIRECT_OBJC_ISA_USAGE = YES_ERROR;
				CLANG_WARN_DOCUMENTATION_COMMENTS = YES;
				CLANG_WARN_EMPTY_BODY = YES;
				CLANG_WARN_ENUM_CONVERSION = YES;
				CLANG_WARN_INFINITE_RECURSION = YES;
				CLANG_WARN_INT_CONVERSION = YES;
				CLANG_WARN_NON_LITERAL_NULL_CONVERSION = YES;
				CLANG_WARN_OBJC_LITERAL_CONVERSION = YES;
				CLANG_WARN_OBJC_ROOT_CLASS = YES_ERROR;
				CLANG_WARN_RANGE_LOOP_ANALYSIS = YES;
				CLANG_WARN_STRICT_PROTOTYPES = YES;
				CLANG_WARN_SUSPICIOUS_MOVE = YES;
				CLANG_WARN_UNGUARDED_AVAILABILITY = YES_AGGRESSIVE;
				CLANG_WARN_UNREACHABLE_CODE = YES;
				CLANG_WARN__DUPLICATE_METHOD_MATCH = YES;
				CODE_SIGN_IDENTITY = "iPhone Developer";
				COPY_PHASE_STRIP = NO;
				DEBUG_INFORMATION_FORMAT = "dwarf-with-dsym";
				ENABLE_NS_ASSERTIONS = NO;
				ENABLE_STRICT_OBJC_MSGSEND = YES;
				GCC_C_LANGUAGE_STANDARD = gnu11;
				GCC_NO_COMMON_BLOCKS = YES;
				GCC_WARN_64_TO_32_BIT_CONVERSION = YES;
				GCC_WARN_ABOUT_RETURN_TYPE = YES_ERROR;
				GCC_WARN_UNDECLARED_SELECTOR = YES;
				GCC_WARN_UNINITIALIZED_AUTOS = YES_AGGRESSIVE;
				GCC_WARN_UNUSED_FUNCTION = YES;
				GCC_WARN_UNUSED_VARIABLE = YES;
				IPHONEOS_DEPLOYMENT_TARGET = 16.0;
				MTL_ENABLE_DEBUG_INFO = NO;
				SDKROOT = iphoneos;
				SWIFT_OPTIMIZATION_LEVEL = "-Owholemodule";
				VALIDATE_PRODUCT = YES;
			};
			name = Release;
		};
		504EC3171FED79650016851F /* Debug */ = {
			isa = XCBuildConfiguration;
			baseConfigurationReference = FC68EB0AF532CFC21C3344DD /* Pods-App.debug.xcconfig */;
			buildSettings = {
				APS_ENVIRONMENT = development;
				ASSETCATALOG_COMPILER_APPICON_NAME = AppIcon;
				ASSETCATALOG_COMPILER_STANDALONE_ICON_BEHAVIOR = default;
				CODE_SIGN_ENTITLEMENTS = App/App.entitlements;
				CODE_SIGN_STYLE = Automatic;
				CURRENT_PROJECT_VERSION = 1;
				DEVELOPMENT_TEAM = 25877RY2EH;
				ELIZA_DISPLAY_NAME = elizaOS;
				ENABLE_ONLY_ACTIVE_RESOURCES = NO;
				INFOPLIST_FILE = App/Info.plist;
				IPHONEOS_DEPLOYMENT_TARGET = 16.0;
				LD_RUNPATH_SEARCH_PATHS = "$(inherited) @executable_path/Frameworks";
				MARKETING_VERSION = 1.0;
				OTHER_SWIFT_FLAGS = "$(inherited) \"-D\" \"COCOAPODS\" \"-DDEBUG\"";
				PRODUCT_BUNDLE_IDENTIFIER = ai.elizaos.app;
				PRODUCT_NAME = "$(TARGET_NAME)";
				SWIFT_ACTIVE_COMPILATION_CONDITIONS = DEBUG;
				SWIFT_VERSION = 5.0;
				TARGETED_DEVICE_FAMILY = "1,2";
			};
			name = Debug;
		};
		504EC3181FED79650016851F /* Release */ = {
			isa = XCBuildConfiguration;
			baseConfigurationReference = AF51FD2D460BCFE21FA515B2 /* Pods-App.release.xcconfig */;
			buildSettings = {
				APS_ENVIRONMENT = production;
				ASSETCATALOG_COMPILER_APPICON_NAME = AppIcon;
				ASSETCATALOG_COMPILER_STANDALONE_ICON_BEHAVIOR = default;
				CODE_SIGN_ENTITLEMENTS = App/App.entitlements;
				CODE_SIGN_STYLE = Automatic;
				CURRENT_PROJECT_VERSION = 1;
				DEVELOPMENT_TEAM = 25877RY2EH;
				ELIZA_DISPLAY_NAME = elizaOS;
				ENABLE_ONLY_ACTIVE_RESOURCES = NO;
				INFOPLIST_FILE = App/Info.plist;
				IPHONEOS_DEPLOYMENT_TARGET = 16.0;
				LD_RUNPATH_SEARCH_PATHS = "$(inherited) @executable_path/Frameworks";
				MARKETING_VERSION = 1.0;
				PRODUCT_BUNDLE_IDENTIFIER = ai.elizaos.app;
				PRODUCT_NAME = "$(TARGET_NAME)";
				SWIFT_ACTIVE_COMPILATION_CONDITIONS = "";
				SWIFT_VERSION = 5.0;
				TARGETED_DEVICE_FAMILY = "1,2";
			};
			name = Release;
		};
		WBCB00010000000000000501 /* Debug */ = {
			isa = XCBuildConfiguration;
			buildSettings = {
				APPLICATION_EXTENSION_API_ONLY = YES;
				CODE_SIGN_ENTITLEMENTS = App/WebsiteBlockerContentExtension/WebsiteBlockerContentExtension.entitlements;
				CODE_SIGN_STYLE = Automatic;
				CURRENT_PROJECT_VERSION = 1;
				DEVELOPMENT_TEAM = 25877RY2EH;
				INFOPLIST_FILE = App/WebsiteBlockerContentExtension/Info.plist;
				IPHONEOS_DEPLOYMENT_TARGET = 16.0;
				LD_RUNPATH_SEARCH_PATHS = "$(inherited) @executable_path/Frameworks @executable_path/../../Frameworks";
				MARKETING_VERSION = 1.0;
				PRODUCT_BUNDLE_IDENTIFIER = ai.elizaos.app.WebsiteBlockerContentExtension;
				PRODUCT_NAME = "$(TARGET_NAME)";
				SKIP_INSTALL = YES;
				SWIFT_ACTIVE_COMPILATION_CONDITIONS = DEBUG;
				SWIFT_VERSION = 5.0;
				TARGETED_DEVICE_FAMILY = "1,2";
			};
			name = Debug;
		};
		WBCB00010000000000000502 /* Release */ = {
			isa = XCBuildConfiguration;
			buildSettings = {
				APPLICATION_EXTENSION_API_ONLY = YES;
				CODE_SIGN_ENTITLEMENTS = App/WebsiteBlockerContentExtension/WebsiteBlockerContentExtension.entitlements;
				CODE_SIGN_STYLE = Automatic;
				CURRENT_PROJECT_VERSION = 1;
				DEVELOPMENT_TEAM = 25877RY2EH;
				INFOPLIST_FILE = App/WebsiteBlockerContentExtension/Info.plist;
				IPHONEOS_DEPLOYMENT_TARGET = 16.0;
				LD_RUNPATH_SEARCH_PATHS = "$(inherited) @executable_path/Frameworks @executable_path/../../Frameworks";
				MARKETING_VERSION = 1.0;
				PRODUCT_BUNDLE_IDENTIFIER = ai.elizaos.app.WebsiteBlockerContentExtension;
				PRODUCT_NAME = "$(TARGET_NAME)";
				SKIP_INSTALL = YES;
				SWIFT_VERSION = 5.0;
				TARGETED_DEVICE_FAMILY = "1,2";
			};
			name = Release;
		};
		DAMON000100000000000501 /* Debug */ = {
			isa = XCBuildConfiguration;
			buildSettings = {
				APPLICATION_EXTENSION_API_ONLY = YES;
				CODE_SIGN_ENTITLEMENTS = App/DeviceActivityMonitorExtension/DeviceActivityMonitorExtension.entitlements;
				CODE_SIGN_STYLE = Automatic;
				CURRENT_PROJECT_VERSION = 1;
				DEVELOPMENT_TEAM = 25877RY2EH;
				INFOPLIST_FILE = App/DeviceActivityMonitorExtension/Info.plist;
				IPHONEOS_DEPLOYMENT_TARGET = 16.0;
				LD_RUNPATH_SEARCH_PATHS = "$(inherited) @executable_path/Frameworks @executable_path/../../Frameworks";
				MARKETING_VERSION = 1.0;
				PRODUCT_BUNDLE_IDENTIFIER = ai.elizaos.app.DeviceActivityMonitorExtension;
				PRODUCT_NAME = "$(TARGET_NAME)";
				SKIP_INSTALL = YES;
				SWIFT_ACTIVE_COMPILATION_CONDITIONS = DEBUG;
				SWIFT_VERSION = 5.0;
				TARGETED_DEVICE_FAMILY = "1,2";
			};
			name = Debug;
		};
		DAMON000100000000000502 /* Release */ = {
			isa = XCBuildConfiguration;
			buildSettings = {
				APPLICATION_EXTENSION_API_ONLY = YES;
				CODE_SIGN_ENTITLEMENTS = App/DeviceActivityMonitorExtension/DeviceActivityMonitorExtension.entitlements;
				CODE_SIGN_STYLE = Automatic;
				CURRENT_PROJECT_VERSION = 1;
				DEVELOPMENT_TEAM = 25877RY2EH;
				INFOPLIST_FILE = App/DeviceActivityMonitorExtension/Info.plist;
				IPHONEOS_DEPLOYMENT_TARGET = 16.0;
				LD_RUNPATH_SEARCH_PATHS = "$(inherited) @executable_path/Frameworks @executable_path/../../Frameworks";
				MARKETING_VERSION = 1.0;
				PRODUCT_BUNDLE_IDENTIFIER = ai.elizaos.app.DeviceActivityMonitorExtension;
				PRODUCT_NAME = "$(TARGET_NAME)";
				SKIP_INSTALL = YES;
				SWIFT_VERSION = 5.0;
				TARGETED_DEVICE_FAMILY = "1,2";
			};
			name = Release;
		};
		DAREP000100000000000501 /* Debug */ = {
			isa = XCBuildConfiguration;
			buildSettings = {
				APPLICATION_EXTENSION_API_ONLY = YES;
				CODE_SIGN_ENTITLEMENTS = App/DeviceActivityReportExtension/DeviceActivityReportExtension.entitlements;
				CODE_SIGN_STYLE = Automatic;
				CURRENT_PROJECT_VERSION = 1;
				DEVELOPMENT_TEAM = 25877RY2EH;
				INFOPLIST_FILE = App/DeviceActivityReportExtension/Info.plist;
				IPHONEOS_DEPLOYMENT_TARGET = 16.0;
				LD_RUNPATH_SEARCH_PATHS = "$(inherited) @executable_path/Frameworks @executable_path/../../Frameworks";
				MARKETING_VERSION = 1.0;
				PRODUCT_BUNDLE_IDENTIFIER = ai.elizaos.app.DeviceActivityReportExtension;
				PRODUCT_NAME = "$(TARGET_NAME)";
				SKIP_INSTALL = YES;
				SWIFT_ACTIVE_COMPILATION_CONDITIONS = DEBUG;
				SWIFT_VERSION = 5.0;
				TARGETED_DEVICE_FAMILY = "1,2";
			};
			name = Debug;
		};
		DAREP000100000000000502 /* Release */ = {
			isa = XCBuildConfiguration;
			buildSettings = {
				APPLICATION_EXTENSION_API_ONLY = YES;
				CODE_SIGN_ENTITLEMENTS = App/DeviceActivityReportExtension/DeviceActivityReportExtension.entitlements;
				CODE_SIGN_STYLE = Automatic;
				CURRENT_PROJECT_VERSION = 1;
				DEVELOPMENT_TEAM = 25877RY2EH;
				INFOPLIST_FILE = App/DeviceActivityReportExtension/Info.plist;
				IPHONEOS_DEPLOYMENT_TARGET = 16.0;
				LD_RUNPATH_SEARCH_PATHS = "$(inherited) @executable_path/Frameworks @executable_path/../../Frameworks";
				MARKETING_VERSION = 1.0;
				PRODUCT_BUNDLE_IDENTIFIER = ai.elizaos.app.DeviceActivityReportExtension;
				PRODUCT_NAME = "$(TARGET_NAME)";
				SKIP_INSTALL = YES;
				SWIFT_VERSION = 5.0;
				TARGETED_DEVICE_FAMILY = "1,2";
			};
			name = Release;
		};
		EWDG00010000000000000501 /* Debug */ = {
			isa = XCBuildConfiguration;
			buildSettings = {
				APPLICATION_EXTENSION_API_ONLY = YES;
				CODE_SIGN_ENTITLEMENTS = App/ElizaWidgets/ElizaWidgets.entitlements;
				CODE_SIGN_STYLE = Automatic;
				CURRENT_PROJECT_VERSION = 1;
				DEVELOPMENT_TEAM = 25877RY2EH;
				INFOPLIST_FILE = App/ElizaWidgets/Info.plist;
				IPHONEOS_DEPLOYMENT_TARGET = 16.0;
				LD_RUNPATH_SEARCH_PATHS = "$(inherited) @executable_path/Frameworks @executable_path/../../Frameworks";
				MARKETING_VERSION = 1.0;
				PRODUCT_BUNDLE_IDENTIFIER = ai.elizaos.app.ElizaWidgets;
				PRODUCT_NAME = "$(TARGET_NAME)";
				SKIP_INSTALL = YES;
				SWIFT_ACTIVE_COMPILATION_CONDITIONS = DEBUG;
				SWIFT_VERSION = 5.0;
				TARGETED_DEVICE_FAMILY = "1,2";
			};
			name = Debug;
		};
		EWDG00010000000000000502 /* Release */ = {
			isa = XCBuildConfiguration;
			buildSettings = {
				APPLICATION_EXTENSION_API_ONLY = YES;
				CODE_SIGN_ENTITLEMENTS = App/ElizaWidgets/ElizaWidgets.entitlements;
				CODE_SIGN_STYLE = Automatic;
				CURRENT_PROJECT_VERSION = 1;
				DEVELOPMENT_TEAM = 25877RY2EH;
				INFOPLIST_FILE = App/ElizaWidgets/Info.plist;
				IPHONEOS_DEPLOYMENT_TARGET = 16.0;
				LD_RUNPATH_SEARCH_PATHS = "$(inherited) @executable_path/Frameworks @executable_path/../../Frameworks";
				MARKETING_VERSION = 1.0;
				PRODUCT_BUNDLE_IDENTIFIER = ai.elizaos.app.ElizaWidgets;
				PRODUCT_NAME = "$(TARGET_NAME)";
				SKIP_INSTALL = YES;
				SWIFT_VERSION = 5.0;
				TARGETED_DEVICE_FAMILY = "1,2";
			};
			name = Release;
		};
		EKBD00010000000000000501 /* Debug */ = {
			isa = XCBuildConfiguration;
			buildSettings = {
				APPLICATION_EXTENSION_API_ONLY = YES;
				CODE_SIGN_ENTITLEMENTS = App/ElizaKeyboard/ElizaKeyboard.entitlements;
				CODE_SIGN_STYLE = Automatic;
				CURRENT_PROJECT_VERSION = 1;
				DEVELOPMENT_TEAM = 25877RY2EH;
				INFOPLIST_FILE = App/ElizaKeyboard/Info.plist;
				IPHONEOS_DEPLOYMENT_TARGET = 16.0;
				LD_RUNPATH_SEARCH_PATHS = "$(inherited) @executable_path/Frameworks @executable_path/../../Frameworks";
				MARKETING_VERSION = 1.0;
				PRODUCT_BUNDLE_IDENTIFIER = ai.elizaos.app.ElizaKeyboard;
				PRODUCT_NAME = "$(TARGET_NAME)";
				SKIP_INSTALL = YES;
				SWIFT_ACTIVE_COMPILATION_CONDITIONS = DEBUG;
				SWIFT_VERSION = 5.0;
				TARGETED_DEVICE_FAMILY = "1,2";
			};
			name = Debug;
		};
		EKBD00010000000000000502 /* Release */ = {
			isa = XCBuildConfiguration;
			buildSettings = {
				APPLICATION_EXTENSION_API_ONLY = YES;
				CODE_SIGN_ENTITLEMENTS = App/ElizaKeyboard/ElizaKeyboard.entitlements;
				CODE_SIGN_STYLE = Automatic;
				CURRENT_PROJECT_VERSION = 1;
				DEVELOPMENT_TEAM = 25877RY2EH;
				INFOPLIST_FILE = App/ElizaKeyboard/Info.plist;
				IPHONEOS_DEPLOYMENT_TARGET = 16.0;
				LD_RUNPATH_SEARCH_PATHS = "$(inherited) @executable_path/Frameworks @executable_path/../../Frameworks";
				MARKETING_VERSION = 1.0;
				PRODUCT_BUNDLE_IDENTIFIER = ai.elizaos.app.ElizaKeyboard;
				PRODUCT_NAME = "$(TARGET_NAME)";
				SKIP_INSTALL = YES;
				SWIFT_VERSION = 5.0;
				TARGETED_DEVICE_FAMILY = "1,2";
			};
			name = Release;
		};
		AUIT00010000000000000501 /* Debug */ = {
			isa = XCBuildConfiguration;
			buildSettings = {
				CODE_SIGN_STYLE = Automatic;
				CURRENT_PROJECT_VERSION = 1;
				DEVELOPMENT_TEAM = 25877RY2EH;
				GENERATE_INFOPLIST_FILE = YES;
				IPHONEOS_DEPLOYMENT_TARGET = 16.0;
				LD_RUNPATH_SEARCH_PATHS = "$(inherited) @executable_path/Frameworks @loader_path/Frameworks";
				MARKETING_VERSION = 1.0;
				PRODUCT_BUNDLE_IDENTIFIER = ai.elizaos.app.AppUITests;
				PRODUCT_NAME = "$(TARGET_NAME)";
				SWIFT_ACTIVE_COMPILATION_CONDITIONS = DEBUG;
				SWIFT_EMIT_LOC_STRINGS = NO;
				SWIFT_VERSION = 5.0;
				TARGETED_DEVICE_FAMILY = "1,2";
				TEST_TARGET_NAME = App;
			};
			name = Debug;
		};
		AUIT00010000000000000502 /* Release */ = {
			isa = XCBuildConfiguration;
			buildSettings = {
				CODE_SIGN_STYLE = Automatic;
				CURRENT_PROJECT_VERSION = 1;
				DEVELOPMENT_TEAM = 25877RY2EH;
				GENERATE_INFOPLIST_FILE = YES;
				IPHONEOS_DEPLOYMENT_TARGET = 16.0;
				LD_RUNPATH_SEARCH_PATHS = "$(inherited) @executable_path/Frameworks @loader_path/Frameworks";
				MARKETING_VERSION = 1.0;
				PRODUCT_BUNDLE_IDENTIFIER = ai.elizaos.app.AppUITests;
				PRODUCT_NAME = "$(TARGET_NAME)";
				SWIFT_EMIT_LOC_STRINGS = NO;
				SWIFT_VERSION = 5.0;
				TARGETED_DEVICE_FAMILY = "1,2";
				TEST_TARGET_NAME = App;
			};
			name = Release;
		};
/* End XCBuildConfiguration section */

/* Begin XCConfigurationList section */
		504EC2FF1FED79650016851F /* Build configuration list for PBXProject "App" */ = {
			isa = XCConfigurationList;
			buildConfigurations = (
				504EC3141FED79650016851F /* Debug */,
				504EC3151FED79650016851F /* Release */,
			);
			defaultConfigurationIsVisible = 0;
			defaultConfigurationName = Release;
		};
		504EC3161FED79650016851F /* Build configuration list for PBXNativeTarget "App" */ = {
			isa = XCConfigurationList;
			buildConfigurations = (
				504EC3171FED79650016851F /* Debug */,
				504EC3181FED79650016851F /* Release */,
			);
			defaultConfigurationIsVisible = 0;
			defaultConfigurationName = Release;
		};
		WBCB00010000000000000601 /* Build configuration list for PBXNativeTarget "WebsiteBlockerContentExtension" */ = {
			isa = XCConfigurationList;
			buildConfigurations = (
				WBCB00010000000000000501 /* Debug */,
				WBCB00010000000000000502 /* Release */,
			);
			defaultConfigurationIsVisible = 0;
			defaultConfigurationName = Release;
		};
		DAMON000100000000000601 /* Build configuration list for PBXNativeTarget "DeviceActivityMonitorExtension" */ = {
			isa = XCConfigurationList;
			buildConfigurations = (
				DAMON000100000000000501 /* Debug */,
				DAMON000100000000000502 /* Release */,
			);
			defaultConfigurationIsVisible = 0;
			defaultConfigurationName = Release;
		};
		DAREP000100000000000601 /* Build configuration list for PBXNativeTarget "DeviceActivityReportExtension" */ = {
			isa = XCConfigurationList;
			buildConfigurations = (
				DAREP000100000000000501 /* Debug */,
				DAREP000100000000000502 /* Release */,
			);
			defaultConfigurationIsVisible = 0;
			defaultConfigurationName = Release;
		};
		EWDG00010000000000000601 /* Build configuration list for PBXNativeTarget "ElizaWidgets" */ = {
			isa = XCConfigurationList;
			buildConfigurations = (
				EWDG00010000000000000501 /* Debug */,
				EWDG00010000000000000502 /* Release */,
			);
			defaultConfigurationIsVisible = 0;
			defaultConfigurationName = Release;
		};
		EKBD00010000000000000601 /* Build configuration list for PBXNativeTarget "ElizaKeyboard" */ = {
			isa = XCConfigurationList;
			buildConfigurations = (
				EKBD00010000000000000501 /* Debug */,
				EKBD00010000000000000502 /* Release */,
			);
			defaultConfigurationIsVisible = 0;
			defaultConfigurationName = Release;
		};
		AUIT00010000000000000601 /* Build configuration list for PBXNativeTarget "AppUITests" */ = {
			isa = XCConfigurationList;
			buildConfigurations = (
				AUIT00010000000000000501 /* Debug */,
				AUIT00010000000000000502 /* Release */,
			);
			defaultConfigurationIsVisible = 0;
			defaultConfigurationName = Release;
		};
/* End XCConfigurationList section */
	};
	rootObject = 504EC2FC1FED79650016851F /* Project object */;
}
